
Microsoft Visual Studio Solution File, Format Version 12.00
# Visual Studio Version 17
VisualStudioVersion = 17.9.34728.123
MinimumVisualStudioVersion = 10.0.40219.1
Project("{8BC9CEB8-8B4A-11D0-8D11-00A0C91BC942}") = "receiver", "receiver\receiver.vcxproj", "{408D8CFE-AEC6-4EAB-9DFB-555FA746B0AD}"
EndProject
Project("{8BC9CEB8-8B4A-11D0-8D11-00A0C91BC942}") = "sender", "sender\sender.vcxproj", "{5D3577A7-29C9-45AE-8F27-0CB0734F65F9}"
EndProject
Project("{8BC9CEB8-8B4A-11D0-8D11-00A0C91BC942}") = "netutils", "netutils\netutils.vcxproj", "{7981B44F-9036-4CEC-AAD7-5ECF48C5DC02}"
EndProject
Project("{8BC9CEB8-8B4A-11D0-8D11-00A0C91BC942}") = "tests", "tests\tests.vcxproj", "{C4B1B37B-DAE2-4F3B-994F-07B8FDE0C6B5}"
EndProject
Global
	GlobalSection(SolutionConfigurationPlatforms) = preSolution
		Debug|x64 = Debug|x64
		Debug|x86 = Debug|x86
		Release|x64 = Release|x64
		Release|x86 = Release|x86
	EndGlobalSection
	GlobalSection(ProjectConfigurationPlatforms) = postSolution
		{408D8CFE-AEC6-4EAB-9DFB-555FA746B0AD}.Debug|x64.ActiveCfg = Debug|x64
		{408D8CFE-AEC6-4EAB-9DFB-555FA746B0AD}.Debug|x64.Build.0 = Debug|x64
		{408D8CFE-AEC6-4EAB-9DFB-555FA746B0AD}.Debug|x86.ActiveCfg = Debug|Win32
		{408D8CFE-AEC6-4EAB-9DFB-555FA746B0AD}.Debug|x86.Build.0 = Debug|Win32
		{408D8CFE-AEC6-4EAB-9DFB-555FA746B0AD}.Release|x64.ActiveCfg = Release|x64
		{408D8CFE-AEC6-4EAB-9DFB-555FA746B0AD}.Release|x64.Build.0 = Release|x64
		{408D8CFE-AEC6-4EAB-9DFB-555FA746B0AD}.Release|x86.ActiveCfg = Release|Win32
		{408D8CFE-AEC6-4EAB-9DFB-555FA746B0AD}.Release|x86.Build.0 = Release|Win32
		{5D3577A7-29C9-45AE-8F27-0CB0734F65F9}.Debug|x64.ActiveCfg = Debug|x64
		{5D3577A7-29C9-45AE-8F27-0CB0734F65F9}.Debug|x64.Build.0 = Debug|x64
		{5D3577A7-29C9-45AE-8F27-0CB0734F65F9}.Debug|x86.ActiveCfg = Debug|Win32
		{5D3577A7-29C9-45AE-8F27-0CB0734F65F9}.Debug|x86.Build.0 = Debug|Win32
		{5D3577A7-29C9-45AE-8F27-0CB0734F65F9}.Release|x64.ActiveCfg = Release|x64
		{5D3577A7-29C9-45AE-8F27-0CB0734F65F9}.Release|x64.Build.0 = Release|x64
		{5D3577A7-29C9-45AE-8F27-0CB0734F65F9}.Release|x86.ActiveCfg = Release|Win32
		{5D3577A7-29C9-45AE-8F27-0CB0734F65F9}.Release|x86.Build.0 = Release|Win32
		{7981B44F-9036-4CEC-AAD7-5ECF48C5DC02}.Debug|x64.ActiveCfg = Debug|x64
		{7981B44F-9036-4CEC-AAD7-5ECF48C5DC02}.Debug|x64.Build.0 = Debug|x64
		{7981B44F-9036-4CEC-AAD7-5ECF48C5DC02}.Debug|x86.ActiveCfg = Debug|Win32
		{7981B44F-9036-4CEC-AAD7-5ECF48C5DC02}.Debug|x86.Build.0 = Debug|Win32
		{7981B44F-9036-4CEC-AAD7-5ECF48C5DC02}.Release|x64.ActiveCfg = Release|x64
		{7981B44F-9036-4CEC-AAD7-5ECF48C5DC02}.Release|x64.Build.0 = Release|x64
		{7981B44F-9036-4CEC-AAD7-5ECF48C5DC02}.Release|x86.ActiveCfg = Release|Win32
		{7981B44F-9036-4CEC-AAD7-5ECF48C5DC02}.Release|x86.Build.0 = Release|Win32
		{C4B1B37B-DAE2-4F3B-994F-07B8FDE0C6B5}.Debug|x64.ActiveCfg = Debug|x64
		{C4B1B37B-DAE2-4F3B-994F-07B8FDE0C6B5}.Debug|x64.Build.0 = Debug|x64
		{C4B1B37B-DAE2-4F3B-994F-07B8FDE0C6B5}.Debug|x86.ActiveCfg = Debug|Win32
		{C4B1B37B-DAE2-4F3B-994F-07B8FDE0C6B5}.Debug|x86.Build.0 = Debug|Win32
		{C4B1B37B-DAE2-4F3B-994F-07B8FDE0C6B5}.Release|x64.ActiveCfg = Release|x64
		{C4B1B37B-DAE2-4F3B-994F-07B8FDE0C6B5}.Release|x64.Build.0 = Release|x64
		{C4B1B37B-DAE2-4F3B-994F-07B8FDE0C6B5}.Release|x86.ActiveCfg = Release|Win32
		{C4B1B37B-DAE2-4F3B-994F-07B8FDE0C6B5}.Release|x86.Build.0 = Release|Win32
	EndGlobalSection
	GlobalSection(SolutionProperties) = preSolution
		HideSolutionNode = FALSE
	EndGlobalSection
	GlobalSection(ExtensibilityGlobals) = postSolution
		SolutionGuid = {2B5FB7C7-5733-46D5-9F48-522B328B8A40}
	EndGlobalSection
EndGlobal
